
Microsoft Visual Studio Solution File, Format Version 12.00
# Visual Studio Version 16
VisualStudioVersion = 16.0.30320.27
MinimumVisualStudioVersion = 10.0.40219.1
Project("{FAE04EC0-301F-11D3-BF4B-00C04F79EFBC}") = "Meridian.Web.API", "Meridian.Web.API\Meridian.Web.API.csproj", "{5BEFD7C9-25AF-484B-958E-E770578B1F0F}"
EndProject
Project("{FAE04EC0-301F-11D3-BF4B-00C04F79EFBC}") = "Meridian.Web.API.Test", "Meridian.Web.API.Test\Meridian.Web.API.Test.csproj", "{88813025-24BF-4AA7-AA75-BA33C07E6B18}"
EndProject
Project("{FAE04EC0-301F-11D3-BF4B-00C04F79EFBC}") = "M4PL.Web.Business", "M4PL.Web.Business\M4PL.Web.Business.csproj", "{7FC352C0-AF5F-4126-9712-EC87C91F9ADB}"
EndProject
Project("{FAE04EC0-301F-11D3-BF4B-00C04F79EFBC}") = "Meridian.Web.Core", "Meridian.Core.Web\Meridian.Web.Core.csproj", "{6C9DC2D7-93FC-4E26-9B0E-33D34A8AD4F8}"
EndProject
Project("{FAE04EC0-301F-11D3-BF4B-00C04F79EFBC}") = "Meridian.Web.Resolver", "Meridian.Web.Resolver\Meridian.Web.Resolver.csproj", "{9DD39131-327F-4348-B07C-5FC5F9EBF42D}"
EndProject
Global
	GlobalSection(SolutionConfigurationPlatforms) = preSolution
		Debug|Any CPU = Debug|Any CPU
		Release|Any CPU = Release|Any CPU
	EndGlobalSection
	GlobalSection(ProjectConfigurationPlatforms) = postSolution
		{5BEFD7C9-25AF-484B-958E-E770578B1F0F}.Debug|Any CPU.ActiveCfg = Debug|Any CPU
		{5BEFD7C9-25AF-484B-958E-E770578B1F0F}.Debug|Any CPU.Build.0 = Debug|Any CPU
		{5BEFD7C9-25AF-484B-958E-E770578B1F0F}.Release|Any CPU.ActiveCfg = Release|Any CPU
		{5BEFD7C9-25AF-484B-958E-E770578B1F0F}.Release|Any CPU.Build.0 = Release|Any CPU
		{88813025-24BF-4AA7-AA75-BA33C07E6B18}.Debug|Any CPU.ActiveCfg = Debug|Any CPU
		{88813025-24BF-4AA7-AA75-BA33C07E6B18}.Debug|Any CPU.Build.0 = Debug|Any CPU
		{88813025-24BF-4AA7-AA75-BA33C07E6B18}.Release|Any CPU.ActiveCfg = Release|Any CPU
		{88813025-24BF-4AA7-AA75-BA33C07E6B18}.Release|Any CPU.Build.0 = Release|Any CPU
		{7FC352C0-AF5F-4126-9712-EC87C91F9ADB}.Debug|Any CPU.ActiveCfg = Debug|Any CPU
		{7FC352C0-AF5F-4126-9712-EC87C91F9ADB}.Debug|Any CPU.Build.0 = Debug|Any CPU
		{7FC352C0-AF5F-4126-9712-EC87C91F9ADB}.Release|Any CPU.ActiveCfg = Release|Any CPU
		{7FC352C0-AF5F-4126-9712-EC87C91F9ADB}.Release|Any CPU.Build.0 = Release|Any CPU
		{6C9DC2D7-93FC-4E26-9B0E-33D34A8AD4F8}.Debug|Any CPU.ActiveCfg = Debug|Any CPU
		{6C9DC2D7-93FC-4E26-9B0E-33D34A8AD4F8}.Debug|Any CPU.Build.0 = Debug|Any CPU
		{6C9DC2D7-93FC-4E26-9B0E-33D34A8AD4F8}.Release|Any CPU.ActiveCfg = Release|Any CPU
		{6C9DC2D7-93FC-4E26-9B0E-33D34A8AD4F8}.Release|Any CPU.Build.0 = Release|Any CPU
		{9DD39131-327F-4348-B07C-5FC5F9EBF42D}.Debug|Any CPU.ActiveCfg = Debug|Any CPU
		{9DD39131-327F-4348-B07C-5FC5F9EBF42D}.Debug|Any CPU.Build.0 = Debug|Any CPU
		{9DD39131-327F-4348-B07C-5FC5F9EBF42D}.Release|Any CPU.ActiveCfg = Release|Any CPU
		{9DD39131-327F-4348-B07C-5FC5F9EBF42D}.Release|Any CPU.Build.0 = Release|Any CPU
	EndGlobalSection
	GlobalSection(SolutionProperties) = preSolution
		HideSolutionNode = FALSE
	EndGlobalSection
	GlobalSection(ExtensibilityGlobals) = postSolution
		SolutionGuid = {7009B7B6-17E5-4928-AE4F-39EF6C46908A}
	EndGlobalSection
EndGlobal
